// !$*UTF8*$!
{
	archiveVersion = 1;
	classes = {
	};
	objectVersion = 56;
	objects = {

/* Begin PBXBuildFile section */
		45A685EA296788BD0052FCD5 /* AppDelegate.swift in Sources */ = {isa = PBXBuildFile; fileRef = 45A685E9296788BD0052FCD5 /* AppDelegate.swift */; };
		45A685EC296788BD0052FCD5 /* SceneDelegate.swift in Sources */ = {isa = PBXBuildFile; fileRef = 45A685EB296788BD0052FCD5 /* SceneDelegate.swift */; };
		45A685EE296788BD0052FCD5 /* ViewController.swift in Sources */ = {isa = PBXBuildFile; fileRef = 45A685ED296788BD0052FCD5 /* ViewController.swift */; };
		45A685F3296788C00052FCD5 /* Assets.xcassets in Resources */ = {isa = PBXBuildFile; fileRef = 45A685F2296788C00052FCD5 /* Assets.xcassets */; };
		45A685F6296788C00052FCD5 /* LaunchScreen.storyboard in Resources */ = {isa = PBXBuildFile; fileRef = 45A685F4296788C00052FCD5 /* LaunchScreen.storyboard */; };
		45A685FE296789B10052FCD5 /* CustomTabBar.swift in Sources */ = {isa = PBXBuildFile; fileRef = 45A685FD296789B10052FCD5 /* CustomTabBar.swift */; };
		45A68600296789D40052FCD5 /* SecondViewController.swift in Sources */ = {isa = PBXBuildFile; fileRef = 45A685FF296789D40052FCD5 /* SecondViewController.swift */; };
		45A68602296789E40052FCD5 /* ThirdViewController.swift in Sources */ = {isa = PBXBuildFile; fileRef = 45A68601296789E40052FCD5 /* ThirdViewController.swift */; };
		45A68609296873D40052FCD5 /* All I Do (Todd Terje Edit).mp3 in Resources */ = {isa = PBXBuildFile; fileRef = 45A68604296873C50052FCD5 /* All I Do (Todd Terje Edit).mp3 */; };
		45A6860A296873D40052FCD5 /* 09 We Like Songs.mp3 in Resources */ = {isa = PBXBuildFile; fileRef = 45A68605296873C90052FCD5 /* 09 We Like Songs.mp3 */; };
		45A6860B296873D40052FCD5 /* Chet Faker  - No Diggity Live Sessions.mp3 in Resources */ = {isa = PBXBuildFile; fileRef = 45A68606296873CE0052FCD5 /* Chet Faker  - No Diggity Live Sessions.mp3 */; };
		45A6860C296873D40052FCD5 /* Queen.mp3 in Resources */ = {isa = PBXBuildFile; fileRef = 45A68607296873CF0052FCD5 /* Queen.mp3 */; };
		45A6860D296873D40052FCD5 /* Just The Two Of Us.mp3 in Resources */ = {isa = PBXBuildFile; fileRef = 45A68608296873D20052FCD5 /* Just The Two Of Us.mp3 */; };
/* End PBXBuildFile section */

/* Begin PBXFileReference section */
		45A685E6296788BD0052FCD5 /* MyPlayer.app */ = {isa = PBXFileReference; explicitFileType = wrapper.application; includeInIndex = 0; path = MyPlayer.app; sourceTree = BUILT_PRODUCTS_DIR; };
		45A685E9296788BD0052FCD5 /* AppDelegate.swift */ = {isa = PBXFileReference; lastKnownFileType = sourcecode.swift; path = AppDelegate.swift; sourceTree = "<group>"; };
		45A685EB296788BD0052FCD5 /* SceneDelegate.swift */ = {isa = PBXFileReference; lastKnownFileType = sourcecode.swift; path = SceneDelegate.swift; sourceTree = "<group>"; };
		45A685ED296788BD0052FCD5 /* ViewController.swift */ = {isa = PBXFileReference; lastKnownFileType = sourcecode.swift; path = ViewController.swift; sourceTree = "<group>"; };
		45A685F2296788C00052FCD5 /* Assets.xcassets */ = {isa = PBXFileReference; lastKnownFileType = folder.assetcatalog; path = Assets.xcassets; sourceTree = "<group>"; };
		45A685F5296788C00052FCD5 /* Base */ = {isa = PBXFileReference; lastKnownFileType = file.storyboard; name = Base; path = Base.lproj/LaunchScreen.storyboard; sourceTree = "<group>"; };
		45A685F7296788C00052FCD5 /* Info.plist */ = {isa = PBXFileReference; lastKnownFileType = text.plist.xml; path = Info.plist; sourceTree = "<group>"; };
		45A685FD296789B10052FCD5 /* CustomTabBar.swift */ = {isa = PBXFileReference; lastKnownFileType = sourcecode.swift; path = CustomTabBar.swift; sourceTree = "<group>"; };
		45A685FF296789D40052FCD5 /* SecondViewController.swift */ = {isa = PBXFileReference; lastKnownFileType = sourcecode.swift; path = SecondViewController.swift; sourceTree = "<group>"; };
		45A68601296789E40052FCD5 /* ThirdViewController.swift */ = {isa = PBXFileReference; lastKnownFileType = sourcecode.swift; path = ThirdViewController.swift; sourceTree = "<group>"; };
		45A68604296873C50052FCD5 /* All I Do (Todd Terje Edit).mp3 */ = {isa = PBXFileReference; lastKnownFileType = audio.mp3; path = "All I Do (Todd Terje Edit).mp3"; sourceTree = "<group>"; };
		45A68605296873C90052FCD5 /* 09 We Like Songs.mp3 */ = {isa = PBXFileReference; lastKnownFileType = audio.mp3; path = "09 We Like Songs.mp3"; sourceTree = "<group>"; };
		45A68606296873CE0052FCD5 /* Chet Faker  - No Diggity Live Sessions.mp3 */ = {isa = PBXFileReference; lastKnownFileType = audio.mp3; path = "Chet Faker  - No Diggity Live Sessions.mp3"; sourceTree = "<group>"; };
		45A68607296873CF0052FCD5 /* Queen.mp3 */ = {isa = PBXFileReference; lastKnownFileType = audio.mp3; path = Queen.mp3; sourceTree = "<group>"; };
		45A68608296873D20052FCD5 /* Just The Two Of Us.mp3 */ = {isa = PBXFileReference; lastKnownFileType = audio.mp3; path = "Just The Two Of Us.mp3"; sourceTree = "<group>"; };
/* End PBXFileReference section */

/* Begin PBXFrameworksBuildPhase section */
		45A685E3296788BD0052FCD5 /* Frameworks */ = {
			isa = PBXFrameworksBuildPhase;
			buildActionMask = 2147483647;
			files = (
			);
			runOnlyForDeploymentPostprocessing = 0;
		};
/* End PBXFrameworksBuildPhase section */

/* Begin PBXGroup section */
		45A685DD296788BD0052FCD5 = {
			isa = PBXGroup;
			children = (
				45A685E8296788BD0052FCD5 /* MyPlayer */,
				45A685E7296788BD0052FCD5 /* Products */,
			);
			sourceTree = "<group>";
		};
		45A685E7296788BD0052FCD5 /* Products */ = {
			isa = PBXGroup;
			children = (
				45A685E6296788BD0052FCD5 /* MyPlayer.app */,
			);
			name = Products;
			sourceTree = "<group>";
		};
		45A685E8296788BD0052FCD5 /* MyPlayer */ = {
			isa = PBXGroup;
			children = (
				45A685E9296788BD0052FCD5 /* AppDelegate.swift */,
				45A685EB296788BD0052FCD5 /* SceneDelegate.swift */,
				45A685ED296788BD0052FCD5 /* ViewController.swift */,
				45A685FD296789B10052FCD5 /* CustomTabBar.swift */,
				45A685FF296789D40052FCD5 /* SecondViewController.swift */,
				45A68601296789E40052FCD5 /* ThirdViewController.swift */,
				45A68603296873A30052FCD5 /* Music */,
				45A685F2296788C00052FCD5 /* Assets.xcassets */,
				45A685F4296788C00052FCD5 /* LaunchScreen.storyboard */,
				45A685F7296788C00052FCD5 /* Info.plist */,
			);
			path = MyPlayer;
			sourceTree = "<group>";
		};
		45A68603296873A30052FCD5 /* Music */ = {
			isa = PBXGroup;
			children = (
				45A68605296873C90052FCD5 /* 09 We Like Songs.mp3 */,
				45A68604296873C50052FCD5 /* All I Do (Todd Terje Edit).mp3 */,
				45A68606296873CE0052FCD5 /* Chet Faker  - No Diggity Live Sessions.mp3 */,
				45A68608296873D20052FCD5 /* Just The Two Of Us.mp3 */,
				45A68607296873CF0052FCD5 /* Queen.mp3 */,
			);
			path = Music;
			sourceTree = "<group>";
		};
/* End PBXGroup section */

/* Begin PBXNativeTarget section */
		45A685E5296788BD0052FCD5 /* MyPlayer */ = {
			isa = PBXNativeTarget;
			buildConfigurationList = 45A685FA296788C00052FCD5 /* Build configuration list for PBXNativeTarget "MyPlayer" */;
			buildPhases = (
				45A685E2296788BD0052FCD5 /* Sources */,
				45A685E3296788BD0052FCD5 /* Frameworks */,
				45A685E4296788BD0052FCD5 /* Resources */,
			);
			buildRules = (
			);
			dependencies = (
			);
			name = MyPlayer;
			productName = MyPlayer;
			productReference = 45A685E6296788BD0052FCD5 /* MyPlayer.app */;
			productType = "com.apple.product-type.application";
		};
/* End PBXNativeTarget section */

/* Begin PBXProject section */
		45A685DE296788BD0052FCD5 /* Project object */ = {
			isa = PBXProject;
			attributes = {
				BuildIndependentTargetsInParallel = 1;
				LastSwiftUpdateCheck = 1410;
				LastUpgradeCheck = 1410;
				TargetAttributes = {
					45A685E5296788BD0052FCD5 = {
						CreatedOnToolsVersion = 14.1;
					};
				};
			};
			buildConfigurationList = 45A685E1296788BD0052FCD5 /* Build configuration list for PBXProject "MyPlayer" */;
			compatibilityVersion = "Xcode 14.0";
			developmentRegion = en;
			hasScannedForEncodings = 0;
			knownRegions = (
				en,
				Base,
			);
			mainGroup = 45A685DD296788BD0052FCD5;
			productRefGroup = 45A685E7296788BD0052FCD5 /* Products */;
			projectDirPath = "";
			projectRoot = "";
			targets = (
				45A685E5296788BD0052FCD5 /* MyPlayer */,
			);
		};
/* End PBXProject section */

/* Begin PBXResourcesBuildPhase section */
		45A685E4296788BD0052FCD5 /* Resources */ = {
			isa = PBXResourcesBuildPhase;
			buildActionMask = 2147483647;
			files = (
				45A685F6296788C00052FCD5 /* LaunchScreen.storyboard in Resources */,
				45A685F3296788C00052FCD5 /* Assets.xcassets in Resources */,
				45A6860D296873D40052FCD5 /* Just The Two Of Us.mp3 in Resources */,
				45A6860B296873D40052FCD5 /* Chet Faker  - No Diggity Live Sessions.mp3 in Resources */,
				45A6860C296873D40052FCD5 /* Queen.mp3 in Resources */,
				45A6860A296873D40052FCD5 /* 09 We Like Songs.mp3 in Resources */,
				45A68609296873D40052FCD5 /* All I Do (Todd Terje Edit).mp3 in Resources */,
			);
			runOnlyForDeploymentPostprocessing = 0;
		};
/* End PBXResourcesBuildPhase section */

/* Begin PBXSourcesBuildPhase section */
		45A685E2296788BD0052FCD5 /* Sources */ = {
			isa = PBXSourcesBuildPhase;
			buildActionMask = 2147483647;
			files = (
				45A685FE296789B10052FCD5 /* CustomTabBar.swift in Sources */,
				45A685EE296788BD0052FCD5 /* ViewController.swift in Sources */,
				45A685EA296788BD0052FCD5 /* AppDelegate.swift in Sources */,
				45A68600296789D40052FCD5 /* SecondViewController.swift in Sources */,
				45A68602296789E40052FCD5 /* ThirdViewController.swift in Sources */,
				45A685EC296788BD0052FCD5 /* SceneDelegate.swift in Sources */,
			);
			runOnlyForDeploymentPostprocessing = 0;
		};
/* End PBXSourcesBuildPhase section */

/* Begin PBXVariantGroup section */
		45A685F4296788C00052FCD5 /* LaunchScreen.storyboard */ = {
			isa = PBXVariantGroup;
			children = (
				45A685F5296788C00052FCD5 /* Base */,
			);
			name = LaunchScreen.storyboard;
			sourceTree = "<group>";
		};
/* End PBXVariantGroup section */

/* Begin XCBuildConfiguration section */
		45A685F8296788C00052FCD5 /* Debug */ = {
			isa = XCBuildConfiguration;
			buildSettings = {
				ALWAYS_SEARCH_USER_PATHS = NO;
				CLANG_ANALYZER_NONNULL = YES;
				CLANG_ANALYZER_NUMBER_OBJECT_CONVERSION = YES_AGGRESSIVE;
				CLANG_CXX_LANGUAGE_STANDARD = "gnu++20";
				CLANG_ENABLE_MODULES = YES;
				CLANG_ENABLE_OBJC_ARC = YES;
				CLANG_ENABLE_OBJC_WEAK = YES;
				CLANG_WARN_BLOCK_CAPTURE_AUTORELEASING = YES;
				CLANG_WARN_BOOL_CONVERSION = YES;
				CLANG_WARN_COMMA = YES;
				CLANG_WARN_CONSTANT_CONVERSION = YES;
				CLANG_WARN_DEPRECATED_OBJC_IMPLEMENTATIONS = YES;
				CLANG_WARN_DIRECT_OBJC_ISA_USAGE = YES_ERROR;
				CLANG_WARN_DOCUMENTATION_COMMENTS = YES;
				CLANG_WARN_EMPTY_BODY = YES;
				CLANG_WARN_ENUM_CONVERSION = YES;
				CLANG_WARN_INFINITE_RECURSION = YES;
				CLANG_WARN_INT_CONVERSION = YES;
				CLANG_WARN_NON_LITERAL_NULL_CONVERSION = YES;
				CLANG_WARN_OBJC_IMPLICIT_RETAIN_SELF = YES;
				CLANG_WARN_OBJC_LITERAL_CONVERSION = YES;
				CLANG_WARN_OBJC_ROOT_CLASS = YES_ERROR;
				CLANG_WARN_QUOTED_INCLUDE_IN_FRAMEWORK_HEADER = YES;
				CLANG_WARN_RANGE_LOOP_ANALYSIS = YES;
				CLANG_WARN_STRICT_PROTOTYPES = YES;
				CLANG_WARN_SUSPICIOUS_MOVE = YES;
				CLANG_WARN_UNGUARDED_AVAILABILITY = YES_AGGRESSIVE;
				CLANG_WARN_UNREACHABLE_CODE = YES;
				CLANG_WARN__DUPLICATE_METHOD_MATCH = YES;
				COPY_PHASE_STRIP = NO;
				DEBUG_INFORMATION_FORMAT = dwarf;
				ENABLE_STRICT_OBJC_MSGSEND = YES;
				ENABLE_TESTABILITY = YES;
				GCC_C_LANGUAGE_STANDARD = gnu11;
				GCC_DYNAMIC_NO_PIC = NO;
				GCC_NO_COMMON_BLOCKS = YES;
				GCC_OPTIMIZATION_LEVEL = 0;
				GCC_PREPROCESSOR_DEFINITIONS = (
					"DEBUG=1",
					"$(inherited)",
				);
				GCC_WARN_64_TO_32_BIT_CONVERSION = YES;
				GCC_WARN_ABOUT_RETURN_TYPE = YES_ERROR;
				GCC_WARN_UNDECLARED_SELECTOR = YES;
				GCC_WARN_UNINITIALIZED_AUTOS = YES_AGGRESSIVE;
				GCC_WARN_UNUSED_FUNCTION = YES;
				GCC_WARN_UNUSED_VARIABLE = YES;
				IPHONEOS_DEPLOYMENT_TARGET = 16.1;
				MTL_ENABLE_DEBUG_INFO = INCLUDE_SOURCE;
				MTL_FAST_MATH = YES;
				ONLY_ACTIVE_ARCH = YES;
				SDKROOT = iphoneos;
				SWIFT_ACTIVE_COMPILATION_CONDITIONS = DEBUG;
				SWIFT_OPTIMIZATION_LEVEL = "-Onone";
			};
			name = Debug;
		};
		45A685F9296788C00052FCD5 /* Release */ = {
			isa = XCBuildConfiguration;
			buildSettings = {
				ALWAYS_SEARCH_USER_PATHS = NO;
				CLANG_ANALYZER_NONNULL = YES;
				CLANG_ANALYZER_NUMBER_OBJECT_CONVERSION = YES_AGGRESSIVE;
				CLANG_CXX_LANGUAGE_STANDARD = "gnu++20";
				CLANG_ENABLE_MODULES = YES;
				CLANG_ENABLE_OBJC_ARC = YES;
				CLANG_ENABLE_OBJC_WEAK = YES;
				CLANG_WARN_BLOCK_CAPTURE_AUTORELEASING = YES;
				CLANG_WARN_BOOL_CONVERSION = YES;
				CLANG_WARN_COMMA = YES;
				CLANG_WARN_CONSTANT_CONVERSION = YES;
				CLANG_WARN_DEPRECATED_OBJC_IMPLEMENTATIONS = YES;
				CLANG_WARN_DIRECT_OBJC_ISA_USAGE = YES_ERROR;
				CLANG_WARN_DOCUMENTATION_COMMENTS = YES;
				CLANG_WARN_EMPTY_BODY = YES;
				CLANG_WARN_ENUM_CONVERSION = YES;
				CLANG_WARN_INFINITE_RECURSION = YES;
				CLANG_WARN_INT_CONVERSION = YES;
				CLANG_WARN_NON_LITERAL_NULL_CONVERSION = YES;
				CLANG_WARN_OBJC_IMPLICIT_RETAIN_SELF = YES;
				CLANG_WARN_OBJC_LITERAL_CONVERSION = YES;
				CLANG_WARN_OBJC_ROOT_CLASS = YES_ERROR;
				CLANG_WARN_QUOTED_INCLUDE_IN_FRAMEWORK_HEADER = YES;
				CLANG_WARN_RANGE_LOOP_ANALYSIS = YES;
				CLANG_WARN_STRICT_PROTOTYPES = YES;
				CLANG_WARN_SUSPICIOUS_MOVE = YES;
				CLANG_WARN_UNGUARDED_AVAILABILITY = YES_AGGRESSIVE;
				CLANG_WARN_UNREACHABLE_CODE = YES;
				CLANG_WARN__DUPLICATE_METHOD_MATCH = YES;
				COPY_PHASE_STRIP = NO;
				DEBUG_INFORMATION_FORMAT = "dwarf-with-dsym";
				ENABLE_NS_ASSERTIONS = NO;
				ENABLE_STRICT_OBJC_MSGSEND = YES;
				GCC_C_LANGUAGE_STANDARD = gnu11;
				GCC_NO_COMMON_BLOCKS = YES;
				GCC_WARN_64_TO_32_BIT_CONVERSION = YES;
				GCC_WARN_ABOUT_RETURN_TYPE = YES_ERROR;
				GCC_WARN_UNDECLARED_SELECTOR = YES;
				GCC_WARN_UNINITIALIZED_AUTOS = YES_AGGRESSIVE;
				GCC_WARN_UNUSED_FUNCTION = YES;
				GCC_WARN_UNUSED_VARIABLE = YES;
				IPHONEOS_DEPLOYMENT_TARGET = 16.1;
				MTL_ENABLE_DEBUG_INFO = NO;
				MTL_FAST_MATH = YES;
				SDKROOT = iphoneos;
				SWIFT_COMPILATION_MODE = wholemodule;
				SWIFT_OPTIMIZATION_LEVEL = "-O";
				VALIDATE_PRODUCT = YES;
			};
			name = Release;
		};
		45A685FB296788C00052FCD5 /* Debug */ = {
			isa = XCBuildConfiguration;
			buildSettings = {
				ASSETCATALOG_COMPILER_APPICON_NAME = AppIcon;
				ASSETCATALOG_COMPILER_GLOBAL_ACCENT_COLOR_NAME = AccentColor;
				CODE_SIGN_STYLE = Automatic;
				CURRENT_PROJECT_VERSION = 1;
				DEVELOPMENT_TEAM = JZPU7337NX;
				GENERATE_INFOPLIST_FILE = YES;
				INFOPLIST_FILE = MyPlayer/Info.plist;
				INFOPLIST_KEY_UIApplicationSupportsIndirectInputEvents = YES;
				INFOPLIST_KEY_UILaunchStoryboardName = LaunchScreen;
				INFOPLIST_KEY_UISupportedInterfaceOrientations_iPad = "UIInterfaceOrientationPortrait UIInterfaceOrientationPortraitUpsideDown UIInterfaceOrientationLandscapeLeft UIInterfaceOrientationLandscapeRight";
				INFOPLIST_KEY_UISupportedInterfaceOrientations_iPhone = "UIInterfaceOrientationPortrait UIInterfaceOrientationLandscapeLeft UIInterfaceOrientationLandscapeRight";
				LD_RUNPATH_SEARCH_PATHS = (
					"$(inherited)",
					"@executable_path/Frameworks",
				);
				MARKETING_VERSION = 1.0;
				PRODUCT_BUNDLE_IDENTIFIER = "Roman-Vronsky.MyPlayer";
				PRODUCT_NAME = "$(TARGET_NAME)";
				SWIFT_EMIT_LOC_STRINGS = YES;
				SWIFT_VERSION = 5.0;
				TARGETED_DEVICE_FAMILY = "1,2";
			};
			name = Debug;
		};
		45A685FC296788C00052FCD5 /* Release */ = {
			isa = XCBuildConfiguration;
			buildSettings = {
				ASSETCATALOG_COMPILER_APPICON_NAME = AppIcon;
				ASSETCATALOG_COMPILER_GLOBAL_ACCENT_COLOR_NAME = AccentColor;
				CODE_SIGN_STYLE = Automatic;
				CURRENT_PROJECT_VERSION = 1;
				DEVELOPMENT_TEAM = JZPU7337NX;
				GENERATE_INFOPLIST_FILE = YES;
				INFOPLIST_FILE = MyPlayer/Info.plist;
				INFOPLIST_KEY_UIApplicationSupportsIndirectInputEvents = YES;
				INFOPLIST_KEY_UILaunchStoryboardName = LaunchScreen;
				INFOPLIST_KEY_UISupportedInterfaceOrientations_iPad = "UIInterfaceOrientationPortrait UIInterfaceOrientationPortraitUpsideDown UIInterfaceOrientationLandscapeLeft UIInterfaceOrientationLandscapeRight";
				INFOPLIST_KEY_UISupportedInterfaceOrientations_iPhone = "UIInterfaceOrientationPortrait UIInterfaceOrientationLandscapeLeft UIInterfaceOrientationLandscapeRight";
				LD_RUNPATH_SEARCH_PATHS = (
					"$(inherited)",
					"@executable_path/Frameworks",
				);
				MARKETING_VERSION = 1.0;
				PRODUCT_BUNDLE_IDENTIFIER = "Roman-Vronsky.MyPlayer";
				PRODUCT_NAME = "$(TARGET_NAME)";
				SWIFT_EMIT_LOC_STRINGS = YES;
				SWIFT_VERSION = 5.0;
				TARGETED_DEVICE_FAMILY = "1,2";
			};
			name = Release;
		};
/* End XCBuildConfiguration section */

/* Begin XCConfigurationList section */
		45A685E1296788BD0052FCD5 /* Build configuration list for PBXProject "MyPlayer" */ = {
			isa = XCConfigurationList;
			buildConfigurations = (
				45A685F8296788C00052FCD5 /* Debug */,
				45A685F9296788C00052FCD5 /* Release */,
			);
			defaultConfigurationIsVisible = 0;
			defaultConfigurationName = Release;
		};
		45A685FA296788C00052FCD5 /* Build configuration list for PBXNativeTarget "MyPlayer" */ = {
			isa = XCConfigurationList;
			buildConfigurations = (
				45A685FB296788C00052FCD5 /* Debug */,
				45A685FC296788C00052FCD5 /* Release */,
			);
			defaultConfigurationIsVisible = 0;
			defaultConfigurationName = Release;
		};
/* End XCConfigurationList section */
	};
	rootObject = 45A685DE296788BD0052FCD5 /* Project object */;
}
